
Microsoft Visual Studio Solution File, Format Version 12.00
# Visual Studio Version 16
VisualStudioVersion = 16.0.31005.135
MinimumVisualStudioVersion = 10.0.40219.1
Project("{FAE04EC0-301F-11D3-BF4B-00C04F79EFBC}") = "elevar numero", "elevar numero\elevar numero.csproj", "{6219CDB5-9EDB-4A3F-A7F2-D25EC16D7506}"
EndProject
Global
	GlobalSection(SolutionConfigurationPlatforms) = preSolution
		Debug|Any CPU = Debug|Any CPU
		Release|Any CPU = Release|Any CPU
	EndGlobalSection
	GlobalSection(ProjectConfigurationPlatforms) = postSolution
		{6219CDB5-9EDB-4A3F-A7F2-D25EC16D7506}.Debug|Any CPU.ActiveCfg = Debug|Any CPU
		{6219CDB5-9EDB-4A3F-A7F2-D25EC16D7506}.Debug|Any CPU.Build.0 = Debug|Any CPU
		{6219CDB5-9EDB-4A3F-A7F2-D25EC16D7506}.Release|Any CPU.ActiveCfg = Release|Any CPU
		{6219CDB5-9EDB-4A3F-A7F2-D25EC16D7506}.Release|Any CPU.Build.0 = Release|Any CPU
	EndGlobalSection
	GlobalSection(SolutionProperties) = preSolution
		HideSolutionNode = FALSE
	EndGlobalSection
	GlobalSection(ExtensibilityGlobals) = postSolution
		SolutionGuid = {93A8EF3B-71CA-4CF4-BFFE-CC23FA83CA11}
	EndGlobalSection
EndGlobal
